
Microsoft Visual Studio Solution File, Format Version 12.00
# Visual Studio Version 16
VisualStudioVersion = 16.0.32630.194
MinimumVisualStudioVersion = 10.0.40219.1
Project("{FAE04EC0-301F-11D3-BF4B-00C04F79EFBC}") = "Asp.NetCore5.0_CvProject", "Asp.NetCore5.0_CvProject\Asp.NetCore5.0_CvProject.csproj", "{4BC57812-3333-4C5E-BBDC-E53BF473186B}"
EndProject
Global
	GlobalSection(SolutionConfigurationPlatforms) = preSolution
		Debug|Any CPU = Debug|Any CPU
		Release|Any CPU = Release|Any CPU
	EndGlobalSection
	GlobalSection(ProjectConfigurationPlatforms) = postSolution
		{4BC57812-3333-4C5E-BBDC-E53BF473186B}.Debug|Any CPU.ActiveCfg = Debug|Any CPU
		{4BC57812-3333-4C5E-BBDC-E53BF473186B}.Debug|Any CPU.Build.0 = Debug|Any CPU
		{4BC57812-3333-4C5E-BBDC-E53BF473186B}.Release|Any CPU.ActiveCfg = Release|Any CPU
		{4BC57812-3333-4C5E-BBDC-E53BF473186B}.Release|Any CPU.Build.0 = Release|Any CPU
	EndGlobalSection
	GlobalSection(SolutionProperties) = preSolution
		HideSolutionNode = FALSE
	EndGlobalSection
	GlobalSection(ExtensibilityGlobals) = postSolution
		SolutionGuid = {D8E35133-D040-4D81-95B4-03F58C0B5531}
	EndGlobalSection
EndGlobal
